
Microsoft Visual Studio Solution File, Format Version 12.00
# Visual Studio Version 16
VisualStudioVersion = 16.0.30804.86
MinimumVisualStudioVersion = 10.0.40219.1
Project("{8BC9CEB8-8B4A-11D0-8D11-00A0C91BC942}") = "PyDeskband", "PyDeskband\PyDeskband.vcxproj", "{F98F92CD-FEFD-4961-8193-F6881E6CE92E}"
EndProject
Global
	GlobalSection(SolutionConfigurationPlatforms) = preSolution
		Debug|x64 = Debug|x64
		Debug|x86 = Debug|x86
		Release|x64 = Release|x64
		Release|x86 = Release|x86
	EndGlobalSection
	GlobalSection(ProjectConfigurationPlatforms) = postSolution
		{F98F92CD-FEFD-4961-8193-F6881E6CE92E}.Debug|x64.ActiveCfg = Debug|x64
		{F98F92CD-FEFD-4961-8193-F6881E6CE92E}.Debug|x64.Build.0 = Debug|x64
		{F98F92CD-FEFD-4961-8193-F6881E6CE92E}.Debug|x86.ActiveCfg = Debug|Win32
		{F98F92CD-FEFD-4961-8193-F6881E6CE92E}.Debug|x86.Build.0 = Debug|Win32
		{F98F92CD-FEFD-4961-8193-F6881E6CE92E}.Release|x64.ActiveCfg = Release|x64
		{F98F92CD-FEFD-4961-8193-F6881E6CE92E}.Release|x64.Build.0 = Release|x64
		{F98F92CD-FEFD-4961-8193-F6881E6CE92E}.Release|x86.ActiveCfg = Release|Win32
		{F98F92CD-FEFD-4961-8193-F6881E6CE92E}.Release|x86.Build.0 = Release|Win32
	EndGlobalSection
	GlobalSection(SolutionProperties) = preSolution
		HideSolutionNode = FALSE
	EndGlobalSection
	GlobalSection(ExtensibilityGlobals) = postSolution
		SolutionGuid = {26AC4DEA-72DA-447A-AE88-6F9641686CF5}
	EndGlobalSection
EndGlobal
